# This file was autogenerated by Stack.
# You should not edit this file by hand.
# For more information, please see the documentation at:
#   https://docs.haskellstack.org/en/stable/lock_files

packages:
- completed:
    hackage: optparse-applicative-0.12.1.0@sha256:86ffdbb73f80af00063d84430853272e8d0160529bc2003518a65fa887e9fd65,4522
    pantry-tree:
      size: 2249
      sha256: 874d4bf9af6a5e8904ead0b38d597cb5c60955d061e1c60b729c3d3528915d4e
  original:
    hackage: optparse-applicative-0.12.1.0
- completed:
    hackage: skylighting-0.3.3.1@sha256:75a95f12426525a63a2cbb41d44d54111380c820782131cd5c8195d7520ceb69,14621
    pantry-tree:
      size: 21052
      sha256: d8ffd17822deee7bde1b7715dfd632d6ba114067e47fe6c057605bf1761a31d8
  original:
    hackage: skylighting-0.3.3.1
- completed:
    hackage: texmath-0.9.4.1@sha256:ccb54ccc57281bedd3e629e0d751357f04d895468fe51b114dc2d07bd0f079d0,7056
    pantry-tree:
      size: 273781
      sha256: 934dc48b4cb4f26988aaaf0436f80dbc197dca7b0ddb1c36c24c182f5eb8f8e2
  original:
    hackage: texmath-0.9.4.1
- completed:
    size: 29993320
    filepath: /opt/upstreams/pandoc-2.0.tar.gz
    name: pandoc
    version: '2.0'
    sha256: bcd56f41de8768e7b4e68c25bcca7c9e80dd7b29663601afa5350c52cd806da5
    pantry-tree:
      size: 56470
      sha256: 0d429138c499c90aebf5b4e73c772cd165f752a2243478f3afb4e63b8119922c
  original:
    filepath: /opt/upstreams/pandoc-2.0.tar.gz
- completed:
    size: 18888435
    filepath: /opt/upstreams/hakyll-4.9.8.0.tar.gz
    name: hakyll
    version: 4.9.8.0
    sha256: da9259b14325f015c42371191ba6a33c7c646d9e84e2804e5a2313a5c168cc22
    pantry-tree:
      size: 17319
      sha256: 59b5bd990041d8fa396b255257b40e0d12ee3520de7515703d9b5c6537ad5f83
  original:
    filepath: /opt/upstreams/hakyll-4.9.8.0.tar.gz
- completed:
    size: 2952868
    filepath: /opt/upstreams/pandoc-citeproc-0.10.5.1.tar.gz
    name: pandoc-citeproc
    version: 0.10.5.1
    sha256: 4721de4c397461f9d17db2d1587e635cc748f8e9c74287d44df329a68b8389e4
    pantry-tree:
      size: 21946
      sha256: 68b8799eb6a7dd1c44e6be1e1b3f7e62df10f0bcbac4f98a495f71e727ebb630
  original:
    filepath: /opt/upstreams/pandoc-citeproc-0.10.5.1.tar.gz
snapshots:
- completed:
    size: 514901
    url: https://raw.githubusercontent.com/commercialhaskell/stackage-snapshots/master/lts/8/16.yaml
    sha256: ca3576aa4c75697c13b35f14a9033b1080d625141288f38493c0c53f67b61272
  original: lts-8.16
